
Microsoft Visual Studio Solution File, Format Version 12.00
# Visual Studio Version 17
VisualStudioVersion = 17.14.36408.4 d17.14
MinimumVisualStudioVersion = 10.0.40219.1
Project("{FAE04EC0-301F-11D3-BF4B-00C04F79EFBC}") = "Contacts", "Contacts.csproj", "{862206E3-E7C3-4B90-A6EE-31115F4340FA}"
EndProject
Project("{FAE04EC0-301F-11D3-BF4B-00C04F79EFBC}") = "Contacts_BusinessLayer", "..\BusinessLayer\Contacts_BusinessLayer.csproj", "{DBC1F0D0-E00F-4E60-BB9A-47A1F3E4AF5A}"
EndProject
Project("{FAE04EC0-301F-11D3-BF4B-00C04F79EFBC}") = "Contacts_DataAccessLayer", "..\DataAccessLayer\Contacts_DataAccessLayer.csproj", "{0D2290B9-DD9A-415C-9902-10D987B3793E}"
EndProject
Global
	GlobalSection(SolutionConfigurationPlatforms) = preSolution
		Debug|Any CPU = Debug|Any CPU
		Release|Any CPU = Release|Any CPU
	EndGlobalSection
	GlobalSection(ProjectConfigurationPlatforms) = postSolution
		{862206E3-E7C3-4B90-A6EE-31115F4340FA}.Debug|Any CPU.ActiveCfg = Debug|Any CPU
		{862206E3-E7C3-4B90-A6EE-31115F4340FA}.Debug|Any CPU.Build.0 = Debug|Any CPU
		{862206E3-E7C3-4B90-A6EE-31115F4340FA}.Release|Any CPU.ActiveCfg = Release|Any CPU
		{862206E3-E7C3-4B90-A6EE-31115F4340FA}.Release|Any CPU.Build.0 = Release|Any CPU
		{DBC1F0D0-E00F-4E60-BB9A-47A1F3E4AF5A}.Debug|Any CPU.ActiveCfg = Debug|Any CPU
		{DBC1F0D0-E00F-4E60-BB9A-47A1F3E4AF5A}.Debug|Any CPU.Build.0 = Debug|Any CPU
		{DBC1F0D0-E00F-4E60-BB9A-47A1F3E4AF5A}.Release|Any CPU.ActiveCfg = Release|Any CPU
		{DBC1F0D0-E00F-4E60-BB9A-47A1F3E4AF5A}.Release|Any CPU.Build.0 = Release|Any CPU
		{0D2290B9-DD9A-415C-9902-10D987B3793E}.Debug|Any CPU.ActiveCfg = Debug|Any CPU
		{0D2290B9-DD9A-415C-9902-10D987B3793E}.Debug|Any CPU.Build.0 = Debug|Any CPU
		{0D2290B9-DD9A-415C-9902-10D987B3793E}.Release|Any CPU.ActiveCfg = Release|Any CPU
		{0D2290B9-DD9A-415C-9902-10D987B3793E}.Release|Any CPU.Build.0 = Release|Any CPU
	EndGlobalSection
	GlobalSection(SolutionProperties) = preSolution
		HideSolutionNode = FALSE
	EndGlobalSection
	GlobalSection(ExtensibilityGlobals) = postSolution
		SolutionGuid = {B9C73AE2-1D73-4FBC-982F-207F9EFDF1FA}
	EndGlobalSection
EndGlobal
